
Microsoft Visual Studio Solution File, Format Version 12.00
# Visual Studio Version 17
VisualStudioVersion = 17.14.36301.6 d17.14
MinimumVisualStudioVersion = 10.0.40219.1
Project("{FAE04EC0-301F-11D3-BF4B-00C04F79EFBC}") = "Day11", "Day11\Day11.csproj", "{5AD4103A-A16D-4C5F-973C-4AB56358E05E}"
EndProject
Project("{FAE04EC0-301F-11D3-BF4B-00C04F79EFBC}") = "chat_client", "chat_client\chat_client.csproj", "{8F8CDC31-B808-423A-9DA4-CEAB23A14E44}"
EndProject
Global
	GlobalSection(SolutionConfigurationPlatforms) = preSolution
		Debug|Any CPU = Debug|Any CPU
		Release|Any CPU = Release|Any CPU
	EndGlobalSection
	GlobalSection(ProjectConfigurationPlatforms) = postSolution
		{5AD4103A-A16D-4C5F-973C-4AB56358E05E}.Debug|Any CPU.ActiveCfg = Debug|Any CPU
		{5AD4103A-A16D-4C5F-973C-4AB56358E05E}.Debug|Any CPU.Build.0 = Debug|Any CPU
		{5AD4103A-A16D-4C5F-973C-4AB56358E05E}.Release|Any CPU.ActiveCfg = Release|Any CPU
		{5AD4103A-A16D-4C5F-973C-4AB56358E05E}.Release|Any CPU.Build.0 = Release|Any CPU
		{8F8CDC31-B808-423A-9DA4-CEAB23A14E44}.Debug|Any CPU.ActiveCfg = Debug|Any CPU
		{8F8CDC31-B808-423A-9DA4-CEAB23A14E44}.Debug|Any CPU.Build.0 = Debug|Any CPU
		{8F8CDC31-B808-423A-9DA4-CEAB23A14E44}.Release|Any CPU.ActiveCfg = Release|Any CPU
		{8F8CDC31-B808-423A-9DA4-CEAB23A14E44}.Release|Any CPU.Build.0 = Release|Any CPU
	EndGlobalSection
	GlobalSection(SolutionProperties) = preSolution
		HideSolutionNode = FALSE
	EndGlobalSection
	GlobalSection(ExtensibilityGlobals) = postSolution
		SolutionGuid = {4B74AE74-A954-4796-A0D3-5B55F1209E1A}
	EndGlobalSection
EndGlobal
