
Microsoft Visual Studio Solution File, Format Version 12.00
# Visual Studio Version 17
VisualStudioVersion = 17.14.36301.6 d17.14
MinimumVisualStudioVersion = 10.0.40219.1
Project("{FAE04EC0-301F-11D3-BF4B-00C04F79EFBC}") = "Day10", "Day10\Day10.csproj", "{5CD2E5F0-27B3-43E6-9E1B-9F085ECD0B4F}"
EndProject
Project("{FAE04EC0-301F-11D3-BF4B-00C04F79EFBC}") = "Day10Part2", "Day10Part2\Day10Part2.csproj", "{A6C295C1-ED78-43FC-A872-C25CD5D3BA62}"
EndProject
Global
	GlobalSection(SolutionConfigurationPlatforms) = preSolution
		Debug|Any CPU = Debug|Any CPU
		Release|Any CPU = Release|Any CPU
	EndGlobalSection
	GlobalSection(ProjectConfigurationPlatforms) = postSolution
		{5CD2E5F0-27B3-43E6-9E1B-9F085ECD0B4F}.Debug|Any CPU.ActiveCfg = Debug|Any CPU
		{5CD2E5F0-27B3-43E6-9E1B-9F085ECD0B4F}.Debug|Any CPU.Build.0 = Debug|Any CPU
		{5CD2E5F0-27B3-43E6-9E1B-9F085ECD0B4F}.Release|Any CPU.ActiveCfg = Release|Any CPU
		{5CD2E5F0-27B3-43E6-9E1B-9F085ECD0B4F}.Release|Any CPU.Build.0 = Release|Any CPU
		{A6C295C1-ED78-43FC-A872-C25CD5D3BA62}.Debug|Any CPU.ActiveCfg = Debug|Any CPU
		{A6C295C1-ED78-43FC-A872-C25CD5D3BA62}.Debug|Any CPU.Build.0 = Debug|Any CPU
		{A6C295C1-ED78-43FC-A872-C25CD5D3BA62}.Release|Any CPU.ActiveCfg = Release|Any CPU
		{A6C295C1-ED78-43FC-A872-C25CD5D3BA62}.Release|Any CPU.Build.0 = Release|Any CPU
	EndGlobalSection
	GlobalSection(SolutionProperties) = preSolution
		HideSolutionNode = FALSE
	EndGlobalSection
	GlobalSection(ExtensibilityGlobals) = postSolution
		SolutionGuid = {DF43803C-4918-4A1B-B8EA-EB00AFDC43A5}
	EndGlobalSection
EndGlobal
