
Microsoft Visual Studio Solution File, Format Version 12.00
# Visual Studio Version 17
VisualStudioVersion = 17.14.36301.6 d17.14
MinimumVisualStudioVersion = 10.0.40219.1
Project("{FAE04EC0-301F-11D3-BF4B-00C04F79EFBC}") = "TaskMethodDay3CSharp", "TaskMethodDay3CSharp\TaskMethodDay3CSharp.csproj", "{78ED1AA7-C627-4C84-9115-98EDA13D063B}"
EndProject
Global
	GlobalSection(SolutionConfigurationPlatforms) = preSolution
		Debug|Any CPU = Debug|Any CPU
		Release|Any CPU = Release|Any CPU
	EndGlobalSection
	GlobalSection(ProjectConfigurationPlatforms) = postSolution
		{78ED1AA7-C627-4C84-9115-98EDA13D063B}.Debug|Any CPU.ActiveCfg = Debug|Any CPU
		{78ED1AA7-C627-4C84-9115-98EDA13D063B}.Debug|Any CPU.Build.0 = Debug|Any CPU
		{78ED1AA7-C627-4C84-9115-98EDA13D063B}.Release|Any CPU.ActiveCfg = Release|Any CPU
		{78ED1AA7-C627-4C84-9115-98EDA13D063B}.Release|Any CPU.Build.0 = Release|Any CPU
	EndGlobalSection
	GlobalSection(SolutionProperties) = preSolution
		HideSolutionNode = FALSE
	EndGlobalSection
	GlobalSection(ExtensibilityGlobals) = postSolution
		SolutionGuid = {5CE5659D-E5B5-4745-BF2B-9B72A1951723}
	EndGlobalSection
EndGlobal
