
Microsoft Visual Studio Solution File, Format Version 12.00
# Visual Studio Version 17
VisualStudioVersion = 17.14.36301.6 d17.14
MinimumVisualStudioVersion = 10.0.40219.1
Project("{FAE04EC0-301F-11D3-BF4B-00C04F79EFBC}") = "S1LinqDay2", "S1LinqDay2\S1LinqDay2.csproj", "{152982B4-9E88-4A5D-B0BF-3ADC969604AB}"
EndProject
Global
	GlobalSection(SolutionConfigurationPlatforms) = preSolution
		Debug|Any CPU = Debug|Any CPU
		Release|Any CPU = Release|Any CPU
	EndGlobalSection
	GlobalSection(ProjectConfigurationPlatforms) = postSolution
		{152982B4-9E88-4A5D-B0BF-3ADC969604AB}.Debug|Any CPU.ActiveCfg = Debug|Any CPU
		{152982B4-9E88-4A5D-B0BF-3ADC969604AB}.Debug|Any CPU.Build.0 = Debug|Any CPU
		{152982B4-9E88-4A5D-B0BF-3ADC969604AB}.Release|Any CPU.ActiveCfg = Release|Any CPU
		{152982B4-9E88-4A5D-B0BF-3ADC969604AB}.Release|Any CPU.Build.0 = Release|Any CPU
	EndGlobalSection
	GlobalSection(SolutionProperties) = preSolution
		HideSolutionNode = FALSE
	EndGlobalSection
	GlobalSection(ExtensibilityGlobals) = postSolution
		SolutionGuid = {BD6E2780-BD52-4C27-871E-5B04521DD8C4}
	EndGlobalSection
EndGlobal
